{
  "nodes": {
    "fudo-lib": {
      "locked": {
        "lastModified": 1768796350,
        "narHash": "sha256-pWdKRIFo5sZl1ZpZA4UsvQQU8rXKaQWggcd03TP69Tk=",
        "owner": "fudoniten",
        "repo": "fudo-nix-lib",
        "rev": "32b364c81e2a71b6997e305b94bfe821f7027038",
        "type": "github"
      },
      "original": {
        "owner": "fudoniten",
        "ref": "25.05",
        "repo": "fudo-nix-lib",
        "type": "github"
      }
    },
    "nixpkgs": {
      "locked": {
        "lastModified": 1767313136,
        "narHash": "sha256-16KkgfdYqjaeRGBaYsNrhPRRENs0qzkQVUooNHtoy2w=",
        "owner": "NixOS",
        "repo": "nixpkgs",
        "rev": "ac62194c3917d5f474c1a844b6fd6da2db95077d",
        "type": "github"
      },
      "original": {
        "id": "nixpkgs",
        "ref": "nixos-25.05",
        "type": "indirect"
      }
    },
    "root": {
      "inputs": {
        "fudo-lib": "fudo-lib",
        "nixpkgs": "nixpkgs"
      }
    }
  },
  "root": "root",
  "version": 7
}
