{
  "nodes": {
    "fudo-lib": {
      "locked": {
        "lastModified": 1709939497,
        "narHash": "sha256-+i2NXUV13PTV2ebxzgJughpkOdx9WvXdB8AZP7lHbzY=",
        "ref": "refs/heads/master",
        "rev": "e6109489d41c117e6c346db41826dcf969529a22",
        "revCount": 227,
        "type": "git",
        "url": "https://fudo.dev/nix/lib.git"
      },
      "original": {
        "type": "git",
        "url": "https://fudo.dev/nix/lib.git"
      }
    },
    "nixpkgs": {
      "locked": {
        "lastModified": 1704290814,
        "narHash": "sha256-LWvKHp7kGxk/GEtlrGYV68qIvPHkU9iToomNFGagixU=",
        "owner": "NixOS",
        "repo": "nixpkgs",
        "rev": "70bdadeb94ffc8806c0570eb5c2695ad29f0e421",
        "type": "github"
      },
      "original": {
        "id": "nixpkgs",
        "ref": "nixos-23.05",
        "type": "indirect"
      }
    },
    "root": {
      "inputs": {
        "fudo-lib": "fudo-lib",
        "nixpkgs": "nixpkgs"
      }
    }
  },
  "root": "root",
  "version": 7
}
